
Microsoft Visual Studio Solution File, Format Version 12.00
# Visual Studio Version 16
VisualStudioVersion = 16.0.30615.102
MinimumVisualStudioVersion = 10.0.40219.1
Project("{FAE04EC0-301F-11D3-BF4B-00C04F79EFBC}") = "IFPV", "ImmersiveFirstPersonView\IFPV.csproj", "{35F59215-5643-411D-878E-2123424D8C63}"
EndProject
Project("{FAE04EC0-301F-11D3-BF4B-00C04F79EFBC}") = "NetScriptFramework", "NetScriptFramework\NetScriptFramework.csproj", "{1BF91C1B-4DF3-467E-A7DD-852AB0CD7915}"
EndProject
Project("{8BC9CEB8-8B4A-11D0-8D11-00A0C91BC942}") = "NetScriptFramework.Runtime", "NetScriptFramework.Runtime\NetScriptFramework.Runtime.vcxproj", "{57F81611-D11E-4EE3-906E-10C05CDEE759}"
EndProject
Project("{8BC9CEB8-8B4A-11D0-8D11-00A0C91BC942}") = "NetScriptFramework.SkyrimSE", "NetScriptFramework.SkyrimSE\NetScriptFramework.SkyrimSE.vcxproj", "{AD64B9EC-AB8F-4B25-8451-453F78212144}"
EndProject
Project("{FAE04EC0-301F-11D3-BF4B-00C04F79EFBC}") = "NetScriptFramework.SkyrimSE.Implementations", "NetScriptFramework.SkyrimSE.Implementations\NetScriptFramework.SkyrimSE.Implementations.csproj", "{F29A485F-2AD4-4BA4-8A65-1573A3CEEDD5}"
EndProject
Global
	GlobalSection(SolutionConfigurationPlatforms) = preSolution
		Debug|Any CPU = Debug|Any CPU
		Debug|x64 = Debug|x64
		Debug|x86 = Debug|x86
		Release|Any CPU = Release|Any CPU
		Release|x64 = Release|x64
		Release|x86 = Release|x86
	EndGlobalSection
	GlobalSection(ProjectConfigurationPlatforms) = postSolution
		{35F59215-5643-411D-878E-2123424D8C63}.Debug|Any CPU.ActiveCfg = Debug|Any CPU
		{35F59215-5643-411D-878E-2123424D8C63}.Debug|Any CPU.Build.0 = Debug|Any CPU
		{35F59215-5643-411D-878E-2123424D8C63}.Debug|x64.ActiveCfg = Debug|Any CPU
		{35F59215-5643-411D-878E-2123424D8C63}.Debug|x64.Build.0 = Debug|Any CPU
		{35F59215-5643-411D-878E-2123424D8C63}.Debug|x86.ActiveCfg = Debug|Any CPU
		{35F59215-5643-411D-878E-2123424D8C63}.Debug|x86.Build.0 = Debug|Any CPU
		{35F59215-5643-411D-878E-2123424D8C63}.Release|Any CPU.ActiveCfg = Release|Any CPU
		{35F59215-5643-411D-878E-2123424D8C63}.Release|Any CPU.Build.0 = Release|Any CPU
		{35F59215-5643-411D-878E-2123424D8C63}.Release|x64.ActiveCfg = Release|Any CPU
		{35F59215-5643-411D-878E-2123424D8C63}.Release|x64.Build.0 = Release|Any CPU
		{35F59215-5643-411D-878E-2123424D8C63}.Release|x86.ActiveCfg = Release|Any CPU
		{35F59215-5643-411D-878E-2123424D8C63}.Release|x86.Build.0 = Release|Any CPU
		{1BF91C1B-4DF3-467E-A7DD-852AB0CD7915}.Debug|Any CPU.ActiveCfg = Debug|Any CPU
		{1BF91C1B-4DF3-467E-A7DD-852AB0CD7915}.Debug|Any CPU.Build.0 = Debug|Any CPU
		{1BF91C1B-4DF3-467E-A7DD-852AB0CD7915}.Debug|x64.ActiveCfg = Debug|Any CPU
		{1BF91C1B-4DF3-467E-A7DD-852AB0CD7915}.Debug|x64.Build.0 = Debug|Any CPU
		{1BF91C1B-4DF3-467E-A7DD-852AB0CD7915}.Debug|x86.ActiveCfg = Debug|Any CPU
		{1BF91C1B-4DF3-467E-A7DD-852AB0CD7915}.Debug|x86.Build.0 = Debug|Any CPU
		{1BF91C1B-4DF3-467E-A7DD-852AB0CD7915}.Release|Any CPU.ActiveCfg = Release|Any CPU
		{1BF91C1B-4DF3-467E-A7DD-852AB0CD7915}.Release|Any CPU.Build.0 = Release|Any CPU
		{1BF91C1B-4DF3-467E-A7DD-852AB0CD7915}.Release|x64.ActiveCfg = Release|Any CPU
		{1BF91C1B-4DF3-467E-A7DD-852AB0CD7915}.Release|x64.Build.0 = Release|Any CPU
		{1BF91C1B-4DF3-467E-A7DD-852AB0CD7915}.Release|x86.ActiveCfg = Release|Any CPU
		{1BF91C1B-4DF3-467E-A7DD-852AB0CD7915}.Release|x86.Build.0 = Release|Any CPU
		{57F81611-D11E-4EE3-906E-10C05CDEE759}.Debug|Any CPU.ActiveCfg = Debug|x64
		{57F81611-D11E-4EE3-906E-10C05CDEE759}.Debug|Any CPU.Build.0 = Debug|x64
		{57F81611-D11E-4EE3-906E-10C05CDEE759}.Debug|x64.ActiveCfg = Debug|x64
		{57F81611-D11E-4EE3-906E-10C05CDEE759}.Debug|x64.Build.0 = Debug|x64
		{57F81611-D11E-4EE3-906E-10C05CDEE759}.Debug|x86.ActiveCfg = Debug|Win32
		{57F81611-D11E-4EE3-906E-10C05CDEE759}.Debug|x86.Build.0 = Debug|Win32
		{57F81611-D11E-4EE3-906E-10C05CDEE759}.Release|Any CPU.ActiveCfg = Release|x64
		{57F81611-D11E-4EE3-906E-10C05CDEE759}.Release|Any CPU.Build.0 = Release|x64
		{57F81611-D11E-4EE3-906E-10C05CDEE759}.Release|x64.ActiveCfg = Release|x64
		{57F81611-D11E-4EE3-906E-10C05CDEE759}.Release|x64.Build.0 = Release|x64
		{57F81611-D11E-4EE3-906E-10C05CDEE759}.Release|x86.ActiveCfg = Release|Win32
		{57F81611-D11E-4EE3-906E-10C05CDEE759}.Release|x86.Build.0 = Release|Win32
		{AD64B9EC-AB8F-4B25-8451-453F78212144}.Debug|Any CPU.ActiveCfg = Debug|x64
		{AD64B9EC-AB8F-4B25-8451-453F78212144}.Debug|Any CPU.Build.0 = Debug|x64
		{AD64B9EC-AB8F-4B25-8451-453F78212144}.Debug|x64.ActiveCfg = Debug|x64
		{AD64B9EC-AB8F-4B25-8451-453F78212144}.Debug|x64.Build.0 = Debug|x64
		{AD64B9EC-AB8F-4B25-8451-453F78212144}.Debug|x86.ActiveCfg = Debug|Win32
		{AD64B9EC-AB8F-4B25-8451-453F78212144}.Debug|x86.Build.0 = Debug|Win32
		{AD64B9EC-AB8F-4B25-8451-453F78212144}.Release|Any CPU.ActiveCfg = Release|x64
		{AD64B9EC-AB8F-4B25-8451-453F78212144}.Release|Any CPU.Build.0 = Release|x64
		{AD64B9EC-AB8F-4B25-8451-453F78212144}.Release|x64.ActiveCfg = Release|x64
		{AD64B9EC-AB8F-4B25-8451-453F78212144}.Release|x64.Build.0 = Release|x64
		{AD64B9EC-AB8F-4B25-8451-453F78212144}.Release|x86.ActiveCfg = Release|Win32
		{AD64B9EC-AB8F-4B25-8451-453F78212144}.Release|x86.Build.0 = Release|Win32
		{F29A485F-2AD4-4BA4-8A65-1573A3CEEDD5}.Debug|Any CPU.ActiveCfg = Debug|Any CPU
		{F29A485F-2AD4-4BA4-8A65-1573A3CEEDD5}.Debug|Any CPU.Build.0 = Debug|Any CPU
		{F29A485F-2AD4-4BA4-8A65-1573A3CEEDD5}.Debug|x64.ActiveCfg = Debug|Any CPU
		{F29A485F-2AD4-4BA4-8A65-1573A3CEEDD5}.Debug|x64.Build.0 = Debug|Any CPU
		{F29A485F-2AD4-4BA4-8A65-1573A3CEEDD5}.Debug|x86.ActiveCfg = Debug|Any CPU
		{F29A485F-2AD4-4BA4-8A65-1573A3CEEDD5}.Debug|x86.Build.0 = Debug|Any CPU
		{F29A485F-2AD4-4BA4-8A65-1573A3CEEDD5}.Release|Any CPU.ActiveCfg = Release|Any CPU
		{F29A485F-2AD4-4BA4-8A65-1573A3CEEDD5}.Release|Any CPU.Build.0 = Release|Any CPU
		{F29A485F-2AD4-4BA4-8A65-1573A3CEEDD5}.Release|x64.ActiveCfg = Release|Any CPU
		{F29A485F-2AD4-4BA4-8A65-1573A3CEEDD5}.Release|x64.Build.0 = Release|Any CPU
		{F29A485F-2AD4-4BA4-8A65-1573A3CEEDD5}.Release|x86.ActiveCfg = Release|Any CPU
		{F29A485F-2AD4-4BA4-8A65-1573A3CEEDD5}.Release|x86.Build.0 = Release|Any CPU
	EndGlobalSection
	GlobalSection(SolutionProperties) = preSolution
		HideSolutionNode = FALSE
	EndGlobalSection
	GlobalSection(ExtensibilityGlobals) = postSolution
		SolutionGuid = {1745B022-ABDC-4C3A-9783-71DB0A80F34F}
	EndGlobalSection
EndGlobal
